{
    "_meta": {
        "hash": {
            "sha256": "10434b4a778bec011fd1aba66bebdca9678434e9ffa8dceda10f9fe205386415"
        },
        "pipfile-spec": 6,
        "requires": {
            "python_full_version": "3.12.2",
            "python_version": "3.12"
        },
        "sources": [
            {
                "name": "pypi",
                "url": "https://pypi.org/simple",
                "verify_ssl": true
            }
        ]
    },
    "default": {
        "pathlib": {
            "hashes": [
                "sha256:6940718dfc3eff4258203ad5021090933e5c04707d5ca8cc9e73c94a7894ea9f",
                "sha256:f35f95ab8b0f59e6d354090350b44a80a80635d22efdedfa84c7ad1cf0a74147"
            ],
            "index": "pypi",
            "version": "==1.0.1"
        },
        "pymupdf": {
            "hashes": [
                "sha256:05b8d360766b87f4abd186eba16a56b92bae513b2361b13f633fe6256329292e",
                "sha256:0e3969c2fdff682b3b2c6a2b463adde068d6d8e20e2133ef6c8503469259646a",
                "sha256:0edcd093db05991e9d32dd2687db408b40895214f9cecd50672cd6b79fee188f",
                "sha256:117b8a2220ec31142f6a5e4ac0235b56f239d88e57e5cef3aa047bc70e4cd1e9",
                "sha256:1a87440a6cbc0d5ad513425baa0f4747841898fca6e37350ca3e6b29e5f40c01",
                "sha256:1e5413e1aeab2f18e1ca1b3ff17057a4a7c5cbf4ff14abc93203da88fc1a1dd8",
                "sha256:227a4473fce8fa32b9268da68781048795503b67dc045867fc201e1334204bf1",
                "sha256:2b14dbdf7c415bb0fa849527abbe7b4f1f55ae23b9355d132951f634438c59ac",
                "sha256:2e95f5c379dc086eaa5a2af73f2e62a0bae95e05b19963603cdf800ca51e65a6",
                "sha256:49f83556cd1a7d05b36a54ccc01fce324da8a4e6854e36cc5cd94d321e428565",
                "sha256:50d2972558d25ce46a8634b58787b28dbeff9b3fe4299530fc9c8c9921061e83",
                "sha256:5608a60c601ab34988f96ce122d7c19d0773e57e7bbb30c7b3ced1f5b0da74cf",
                "sha256:5fbd67cce759fc0126902137409cf9da6313b776c4d5ff0d5200f336350f86a3",
                "sha256:634b22c0465dc9e415acea35f98c189391c6685ed943d489c069af7a72d1f8da",
                "sha256:696eed91d2ee44e76277dfeb6bd904c84ae005378588949df6ed9be9e03b9817",
                "sha256:738baea1e9f9f1df1da6ae9f5699fc96dcad58043c34ddecb69d3840c396dfb5",
                "sha256:8ccb72a67386affe170a36e1a145f0a05daf1df9856130cedf4371015b66acc3",
                "sha256:903b61b70952368d262603abc4b0cbe06a557872003f92bb8db4b6e608ff0817",
                "sha256:98b846dd044bf7242dcea6900b16eb430adbc3f1cef58d80c83a15ca7a35ef8b",
                "sha256:9b3188a6d47bb512f749e9612f81f7ddf01c70308de6bb81b77b3a76ac43f402",
                "sha256:a320d44a96f0cc69364c4d7384205fdae57a511edb07e68627108546cfd3ca7d",
                "sha256:bbd618078c2caab742d34291bd4a4c660981bef3988dfaaadf5d534081abd8ec",
                "sha256:bd3ebd6d3fb8a845582098362f885bfb0a31ae4272587efc2c55c5e29fe7327a",
                "sha256:be120588a1d41220a60d899c43600e537d1bdb73612e0230378d14df40498658",
                "sha256:c0d1ccdc062ea9961063790831e838bc43fcf9a8436a8b9f55898addf97c0f86",
                "sha256:c3405e120249e2849daac4d52e25433bb0b5da4695ce8edea6cfb9cc819985c4",
                "sha256:c8db06b0d5fbcf9b0e8949415771bd4771c820f43b052b42bce2db44c100e384",
                "sha256:ccda6f26985347e9f52444c64b35e243f03d8c51106e8c0709f0b0c0b80b669a",
                "sha256:cd078bf6c5a016bb34dea0ed75030edaae1b00ca273f1fe41100c8c35a101abe",
                "sha256:cd78ee1ebefdfe72bc36fd4b731cc8c694eb8ef5337d8ea956b0e94cd88751fc",
                "sha256:d31c09e2af29f778249fe93beb4e44657ed2c0f385ccd5906e84b2b6a747ba9a",
                "sha256:dda94921c9daf0416fe77b1366200c970a1b8519f826c30be7148df6a147eb1a",
                "sha256:e52cc55055f08d9411cd991693fb1e6c7f665e92f7b79cdfa0c3d526b2e7f9bb",
                "sha256:e6a6458a3a6e7ec371176be17535825ca860d8eab5f8999958b2ac639777df5f",
                "sha256:f323aa7bb55e0214e632bfe24fa140bd5dcfeac2d3977bdce46e760385140513",
                "sha256:f68671363be5a2ba104ab7d3bad821d2994cbe3f3408538bbc27d32e6dc9f923"
            ],
            "index": "pypi",
            "markers": "python_version >= '3.8'",
            "version": "==1.24.10"
        },
        "pymupdfb": {
            "hashes": [
                "sha256:007b91fa9b528c5c0eecea2e49c486ac02e878274f9e31522bdd948adc5f8327",
                "sha256:27ea65c701608b6b7632703339ca33ea6d513843b26dbe9bdefb2f56f7b9b196",
                "sha256:2d231b42fe3bf79837df235e7fbdf7ff8b46bf4ca1346d0f0124fb1cdd343ce8",
                "sha256:409f1270ef2e70d845e80149ff3db9cfed578274042316cba55cc3e3882421ea",
                "sha256:4f50a7472f9bb10cbc7a1cd589ee4626ca030b8a4a02749f9a29eb6f00c0e0db",
                "sha256:aca96b6e9ee3096a26810592f4d899f4d3cf3cf0c902ae7e8cca09bce4d946c4",
                "sha256:cd6b24630d90dce9ab3e59d06c5e616686f8d7ec626be1311721fcb062aa0078",
                "sha256:fda2c34b206f724b1b5685b67188e2a57bcaa5c99bc40a0a5bc62057514c5cdf"
            ],
            "markers": "python_version >= '3.8'",
            "version": "==1.24.10"
        }
    },
    "develop": {}
}
